// !$*UTF8*$!
{
	archiveVersion = 1;
	classes = {
	};
	objectVersion = 46;
	objects = {

/* Begin PBXBuildFile section */
		F713E370187A64B700C937C0 /* Foundation.framework in Frameworks */ = {isa = PBXBuildFile; fileRef = F713E36F187A64B700C937C0 /* Foundation.framework */; };
		F713E372187A64B700C937C0 /* CoreGraphics.framework in Frameworks */ = {isa = PBXBuildFile; fileRef = F713E371187A64B700C937C0 /* CoreGraphics.framework */; };
		F713E374187A64B700C937C0 /* UIKit.framework in Frameworks */ = {isa = PBXBuildFile; fileRef = F713E373187A64B700C937C0 /* UIKit.framework */; };
		F713E37A187A64B700C937C0 /* InfoPlist.strings in Resources */ = {isa = PBXBuildFile; fileRef = F713E378187A64B700C937C0 /* InfoPlist.strings */; };
		F713E37C187A64B700C937C0 /* main.m in Sources */ = {isa = PBXBuildFile; fileRef = F713E37B187A64B700C937C0 /* main.m */; };
		F713E380187A64B700C937C0 /* SLAppDelegate.m in Sources */ = {isa = PBXBuildFile; fileRef = F713E37F187A64B700C937C0 /* SLAppDelegate.m */; };
		F713E383187A64B700C937C0 /* Main.storyboard in Resources */ = {isa = PBXBuildFile; fileRef = F713E381187A64B700C937C0 /* Main.storyboard */; };
		F713E386187A64B700C937C0 /* SLViewController.m in Sources */ = {isa = PBXBuildFile; fileRef = F713E385187A64B700C937C0 /* SLViewController.m */; };
		F713E388187A64B700C937C0 /* Images.xcassets in Resources */ = {isa = PBXBuildFile; fileRef = F713E387187A64B700C937C0 /* Images.xcassets */; };
		F713E38F187A64B700C937C0 /* XCTest.framework in Frameworks */ = {isa = PBXBuildFile; fileRef = F713E38E187A64B700C937C0 /* XCTest.framework */; };
		F713E390187A64B700C937C0 /* Foundation.framework in Frameworks */ = {isa = PBXBuildFile; fileRef = F713E36F187A64B700C937C0 /* Foundation.framework */; };
		F713E391187A64B700C937C0 /* UIKit.framework in Frameworks */ = {isa = PBXBuildFile; fileRef = F713E373187A64B700C937C0 /* UIKit.framework */; };
		F713E399187A64B700C937C0 /* InfoPlist.strings in Resources */ = {isa = PBXBuildFile; fileRef = F713E397187A64B700C937C0 /* InfoPlist.strings */; };
		F713E39B187A64B700C937C0 /* Shopping_ListTests.m in Sources */ = {isa = PBXBuildFile; fileRef = F713E39A187A64B700C937C0 /* Shopping_ListTests.m */; };
/* End PBXBuildFile section */

/* Begin PBXContainerItemProxy section */
		F713E392187A64B700C937C0 /* PBXContainerItemProxy */ = {
			isa = PBXContainerItemProxy;
			containerPortal = F713E364187A64B700C937C0 /* Project object */;
			proxyType = 1;
			remoteGlobalIDString = F713E36B187A64B700C937C0;
			remoteInfo = "Shopping List";
		};
/* End PBXContainerItemProxy section */

/* Begin PBXFileReference section */
		F713E36C187A64B700C937C0 /* Shopping List.app */ = {isa = PBXFileReference; explicitFileType = wrapper.application; includeInIndex = 0; path = "Shopping List.app"; sourceTree = BUILT_PRODUCTS_DIR; };
		F713E36F187A64B700C937C0 /* Foundation.framework */ = {isa = PBXFileReference; lastKnownFileType = wrapper.framework; name = Foundation.framework; path = System/Library/Frameworks/Foundation.framework; sourceTree = SDKROOT; };
		F713E371187A64B700C937C0 /* CoreGraphics.framework */ = {isa = PBXFileReference; lastKnownFileType = wrapper.framework; name = CoreGraphics.framework; path = System/Library/Frameworks/CoreGraphics.framework; sourceTree = SDKROOT; };
		F713E373187A64B700C937C0 /* UIKit.framework */ = {isa = PBXFileReference; lastKnownFileType = wrapper.framework; name = UIKit.framework; path = System/Library/Frameworks/UIKit.framework; sourceTree = SDKROOT; };
		F713E377187A64B700C937C0 /* Shopping List-Info.plist */ = {isa = PBXFileReference; lastKnownFileType = text.plist.xml; path = "Shopping List-Info.plist"; sourceTree = "<group>"; };
		F713E379187A64B700C937C0 /* en */ = {isa = PBXFileReference; lastKnownFileType = text.plist.strings; name = en; path = en.lproj/InfoPlist.strings; sourceTree = "<group>"; };
		F713E37B187A64B700C937C0 /* main.m */ = {isa = PBXFileReference; lastKnownFileType = sourcecode.c.objc; path = main.m; sourceTree = "<group>"; };
		F713E37D187A64B700C937C0 /* Shopping List-Prefix.pch */ = {isa = PBXFileReference; lastKnownFileType = sourcecode.c.h; path = "Shopping List-Prefix.pch"; sourceTree = "<group>"; };
		F713E37E187A64B700C937C0 /* SLAppDelegate.h */ = {isa = PBXFileReference; lastKnownFileType = sourcecode.c.h; path = SLAppDelegate.h; sourceTree = "<group>"; };
		F713E37F187A64B700C937C0 /* SLAppDelegate.m */ = {isa = PBXFileReference; lastKnownFileType = sourcecode.c.objc; path = SLAppDelegate.m; sourceTree = "<group>"; };
		F713E382187A64B700C937C0 /* Base */ = {isa = PBXFileReference; lastKnownFileType = file.storyboard; name = Base; path = Base.lproj/Main.storyboard; sourceTree = "<group>"; };
		F713E384187A64B700C937C0 /* SLViewController.h */ = {isa = PBXFileReference; lastKnownFileType = sourcecode.c.h; path = SLViewController.h; sourceTree = "<group>"; };
		F713E385187A64B700C937C0 /* SLViewController.m */ = {isa = PBXFileReference; lastKnownFileType = sourcecode.c.objc; path = SLViewController.m; sourceTree = "<group>"; };
		F713E387187A64B700C937C0 /* Images.xcassets */ = {isa = PBXFileReference; lastKnownFileType = folder.assetcatalog; path = Images.xcassets; sourceTree = "<group>"; };
		F713E38D187A64B700C937C0 /* Shopping ListTests.xctest */ = {isa = PBXFileReference; explicitFileType = wrapper.cfbundle; includeInIndex = 0; path = "Shopping ListTests.xctest"; sourceTree = BUILT_PRODUCTS_DIR; };
		F713E38E187A64B700C937C0 /* XCTest.framework */ = {isa = PBXFileReference; lastKnownFileType = wrapper.framework; name = XCTest.framework; path = Library/Frameworks/XCTest.framework; sourceTree = DEVELOPER_DIR; };
		F713E396187A64B700C937C0 /* Shopping ListTests-Info.plist */ = {isa = PBXFileReference; lastKnownFileType = text.plist.xml; path = "Shopping ListTests-Info.plist"; sourceTree = "<group>"; };
		F713E398187A64B700C937C0 /* en */ = {isa = PBXFileReference; lastKnownFileType = text.plist.strings; name = en; path = en.lproj/InfoPlist.strings; sourceTree = "<group>"; };
		F713E39A187A64B700C937C0 /* Shopping_ListTests.m */ = {isa = PBXFileReference; lastKnownFileType = sourcecode.c.objc; path = Shopping_ListTests.m; sourceTree = "<group>"; };
/* End PBXFileReference section */

/* Begin PBXFrameworksBuildPhase section */
		F713E369187A64B700C937C0 /* Frameworks */ = {
			isa = PBXFrameworksBuildPhase;
			buildActionMask = 2147483647;
			files = (
				F713E372187A64B700C937C0 /* CoreGraphics.framework in Frameworks */,
				F713E374187A64B700C937C0 /* UIKit.framework in Frameworks */,
				F713E370187A64B700C937C0 /* Foundation.framework in Frameworks */,
			);
			runOnlyForDeploymentPostprocessing = 0;
		};
		F713E38A187A64B700C937C0 /* Frameworks */ = {
			isa = PBXFrameworksBuildPhase;
			buildActionMask = 2147483647;
			files = (
				F713E38F187A64B700C937C0 /* XCTest.framework in Frameworks */,
				F713E391187A64B700C937C0 /* UIKit.framework in Frameworks */,
				F713E390187A64B700C937C0 /* Foundation.framework in Frameworks */,
			);
			runOnlyForDeploymentPostprocessing = 0;
		};
/* End PBXFrameworksBuildPhase section */

/* Begin PBXGroup section */
		F713E363187A64B700C937C0 = {
			isa = PBXGroup;
			children = (
				F713E375187A64B700C937C0 /* Shopping List */,
				F713E394187A64B700C937C0 /* Shopping ListTests */,
				F713E36E187A64B700C937C0 /* Frameworks */,
				F713E36D187A64B700C937C0 /* Products */,
			);
			sourceTree = "<group>";
		};
		F713E36D187A64B700C937C0 /* Products */ = {
			isa = PBXGroup;
			children = (
				F713E36C187A64B700C937C0 /* Shopping List.app */,
				F713E38D187A64B700C937C0 /* Shopping ListTests.xctest */,
			);
			name = Products;
			sourceTree = "<group>";
		};
		F713E36E187A64B700C937C0 /* Frameworks */ = {
			isa = PBXGroup;
			children = (
				F713E36F187A64B700C937C0 /* Foundation.framework */,
				F713E371187A64B700C937C0 /* CoreGraphics.framework */,
				F713E373187A64B700C937C0 /* UIKit.framework */,
				F713E38E187A64B700C937C0 /* XCTest.framework */,
			);
			name = Frameworks;
			sourceTree = "<group>";
		};
		F713E375187A64B700C937C0 /* Shopping List */ = {
			isa = PBXGroup;
			children = (
				F713E37E187A64B700C937C0 /* SLAppDelegate.h */,
				F713E37F187A64B700C937C0 /* SLAppDelegate.m */,
				F713E381187A64B700C937C0 /* Main.storyboard */,
				F713E384187A64B700C937C0 /* SLViewController.h */,
				F713E385187A64B700C937C0 /* SLViewController.m */,
				F713E387187A64B700C937C0 /* Images.xcassets */,
				F713E376187A64B700C937C0 /* Supporting Files */,
			);
			path = "Shopping List";
			sourceTree = "<group>";
		};
		F713E376187A64B700C937C0 /* Supporting Files */ = {
			isa = PBXGroup;
			children = (
				F713E377187A64B700C937C0 /* Shopping List-Info.plist */,
				F713E378187A64B700C937C0 /* InfoPlist.strings */,
				F713E37B187A64B700C937C0 /* main.m */,
				F713E37D187A64B700C937C0 /* Shopping List-Prefix.pch */,
			);
			name = "Supporting Files";
			sourceTree = "<group>";
		};
		F713E394187A64B700C937C0 /* Shopping ListTests */ = {
			isa = PBXGroup;
			children = (
				F713E39A187A64B700C937C0 /* Shopping_ListTests.m */,
				F713E395187A64B700C937C0 /* Supporting Files */,
			);
			path = "Shopping ListTests";
			sourceTree = "<group>";
		};
		F713E395187A64B700C937C0 /* Supporting Files */ = {
			isa = PBXGroup;
			children = (
				F713E396187A64B700C937C0 /* Shopping ListTests-Info.plist */,
				F713E397187A64B700C937C0 /* InfoPlist.strings */,
			);
			name = "Supporting Files";
			sourceTree = "<group>";
		};
/* End PBXGroup section */

/* Begin PBXNativeTarget section */
		F713E36B187A64B700C937C0 /* Shopping List */ = {
			isa = PBXNativeTarget;
			buildConfigurationList = F713E39E187A64B700C937C0 /* Build configuration list for PBXNativeTarget "Shopping List" */;
			buildPhases = (
				F713E368187A64B700C937C0 /* Sources */,
				F713E369187A64B700C937C0 /* Frameworks */,
				F713E36A187A64B700C937C0 /* Resources */,
			);
			buildRules = (
			);
			dependencies = (
			);
			name = "Shopping List";
			productName = "Shopping List";
			productReference = F713E36C187A64B700C937C0 /* Shopping List.app */;
			productType = "com.apple.product-type.application";
		};
		F713E38C187A64B700C937C0 /* Shopping ListTests */ = {
			isa = PBXNativeTarget;
			buildConfigurationList = F713E3A1187A64B700C937C0 /* Build configuration list for PBXNativeTarget "Shopping ListTests" */;
			buildPhases = (
				F713E389187A64B700C937C0 /* Sources */,
				F713E38A187A64B700C937C0 /* Frameworks */,
				F713E38B187A64B700C937C0 /* Resources */,
			);
			buildRules = (
			);
			dependencies = (
				F713E393187A64B700C937C0 /* PBXTargetDependency */,
			);
			name = "Shopping ListTests";
			productName = "Shopping ListTests";
			productReference = F713E38D187A64B700C937C0 /* Shopping ListTests.xctest */;
			productType = "com.apple.product-type.bundle.unit-test";
		};
/* End PBXNativeTarget section */

/* Begin PBXProject section */
		F713E364187A64B700C937C0 /* Project object */ = {
			isa = PBXProject;
			attributes = {
				CLASSPREFIX = SL;
				LastUpgradeCheck = 0500;
				ORGANIZATIONNAME = Mike;
				TargetAttributes = {
					F713E38C187A64B700C937C0 = {
						TestTargetID = F713E36B187A64B700C937C0;
					};
				};
			};
			buildConfigurationList = F713E367187A64B700C937C0 /* Build configuration list for PBXProject "Shopping List" */;
			compatibilityVersion = "Xcode 3.2";
			developmentRegion = English;
			hasScannedForEncodings = 0;
			knownRegions = (
				en,
				Base,
			);
			mainGroup = F713E363187A64B700C937C0;
			productRefGroup = F713E36D187A64B700C937C0 /* Products */;
			projectDirPath = "";
			projectRoot = "";
			targets = (
				F713E36B187A64B700C937C0 /* Shopping List */,
				F713E38C187A64B700C937C0 /* Shopping ListTests */,
			);
		};
/* End PBXProject section */

/* Begin PBXResourcesBuildPhase section */
		F713E36A187A64B700C937C0 /* Resources */ = {
			isa = PBXResourcesBuildPhase;
			buildActionMask = 2147483647;
			files = (
				F713E388187A64B700C937C0 /* Images.xcassets in Resources */,
				F713E37A187A64B700C937C0 /* InfoPlist.strings in Resources */,
				F713E383187A64B700C937C0 /* Main.storyboard in Resources */,
			);
			runOnlyForDeploymentPostprocessing = 0;
		};
		F713E38B187A64B700C937C0 /* Resources */ = {
			isa = PBXResourcesBuildPhase;
			buildActionMask = 2147483647;
			files = (
				F713E399187A64B700C937C0 /* InfoPlist.strings in Resources */,
			);
			runOnlyForDeploymentPostprocessing = 0;
		};
/* End PBXResourcesBuildPhase section */

/* Begin PBXSourcesBuildPhase section */
		F713E368187A64B700C937C0 /* Sources */ = {
			isa = PBXSourcesBuildPhase;
			buildActionMask = 2147483647;
			files = (
				F713E37C187A64B700C937C0 /* main.m in Sources */,
				F713E386187A64B700C937C0 /* SLViewController.m in Sources */,
				F713E380187A64B700C937C0 /* SLAppDelegate.m in Sources */,
			);
			runOnlyForDeploymentPostprocessing = 0;
		};
		F713E389187A64B700C937C0 /* Sources */ = {
			isa = PBXSourcesBuildPhase;
			buildActionMask = 2147483647;
			files = (
				F713E39B187A64B700C937C0 /* Shopping_ListTests.m in Sources */,
			);
			runOnlyForDeploymentPostprocessing = 0;
		};
/* End PBXSourcesBuildPhase section */

/* Begin PBXTargetDependency section */
		F713E393187A64B700C937C0 /* PBXTargetDependency */ = {
			isa = PBXTargetDependency;
			target = F713E36B187A64B700C937C0 /* Shopping List */;
			targetProxy = F713E392187A64B700C937C0 /* PBXContainerItemProxy */;
		};
/* End PBXTargetDependency section */

/* Begin PBXVariantGroup section */
		F713E378187A64B700C937C0 /* InfoPlist.strings */ = {
			isa = PBXVariantGroup;
			children = (
				F713E379187A64B700C937C0 /* en */,
			);
			name = InfoPlist.strings;
			sourceTree = "<group>";
		};
		F713E381187A64B700C937C0 /* Main.storyboard */ = {
			isa = PBXVariantGroup;
			children = (
				F713E382187A64B700C937C0 /* Base */,
			);
			name = Main.storyboard;
			sourceTree = "<group>";
		};
		F713E397187A64B700C937C0 /* InfoPlist.strings */ = {
			isa = PBXVariantGroup;
			children = (
				F713E398187A64B700C937C0 /* en */,
			);
			name = InfoPlist.strings;
			sourceTree = "<group>";
		};
/* End PBXVariantGroup section */

/* Begin XCBuildConfiguration section */
		F713E39C187A64B700C937C0 /* Debug */ = {
			isa = XCBuildConfiguration;
			buildSettings = {
				ALWAYS_SEARCH_USER_PATHS = NO;
				ARCHS = "$(ARCHS_STANDARD_INCLUDING_64_BIT)";
				CLANG_CXX_LANGUAGE_STANDARD = "gnu++0x";
				CLANG_CXX_LIBRARY = "libc++";
				CLANG_ENABLE_MODULES = YES;
				CLANG_ENABLE_OBJC_ARC = YES;
				CLANG_WARN_BOOL_CONVERSION = YES;
				CLANG_WARN_CONSTANT_CONVERSION = YES;
				CLANG_WARN_DIRECT_OBJC_ISA_USAGE = YES_ERROR;
				CLANG_WARN_EMPTY_BODY = YES;
				CLANG_WARN_ENUM_CONVERSION = YES;
				CLANG_WARN_INT_CONVERSION = YES;
				CLANG_WARN_OBJC_ROOT_CLASS = YES_ERROR;
				CLANG_WARN__DUPLICATE_METHOD_MATCH = YES;
				"CODE_SIGN_IDENTITY[sdk=iphoneos*]" = "iPhone Developer";
				COPY_PHASE_STRIP = NO;
				GCC_C_LANGUAGE_STANDARD = gnu99;
				GCC_DYNAMIC_NO_PIC = NO;
				GCC_OPTIMIZATION_LEVEL = 0;
				GCC_PREPROCESSOR_DEFINITIONS = (
					"DEBUG=1",
					"$(inherited)",
				);
				GCC_SYMBOLS_PRIVATE_EXTERN = NO;
				GCC_WARN_64_TO_32_BIT_CONVERSION = YES;
				GCC_WARN_ABOUT_RETURN_TYPE = YES_ERROR;
				GCC_WARN_UNDECLARED_SELECTOR = YES;
				GCC_WARN_UNINITIALIZED_AUTOS = YES;
				GCC_WARN_UNUSED_FUNCTION = YES;
				GCC_WARN_UNUSED_VARIABLE = YES;
				IPHONEOS_DEPLOYMENT_TARGET = 7.0;
				ONLY_ACTIVE_ARCH = YES;
				SDKROOT = iphoneos;
				TARGETED_DEVICE_FAMILY = 2;
			};
			name = Debug;
		};
		F713E39D187A64B700C937C0 /* Release */ = {
			isa = XCBuildConfiguration;
			buildSettings = {
				ALWAYS_SEARCH_USER_PATHS = NO;
				ARCHS = "$(ARCHS_STANDARD_INCLUDING_64_BIT)";
				CLANG_CXX_LANGUAGE_STANDARD = "gnu++0x";
				CLANG_CXX_LIBRARY = "libc++";
				CLANG_ENABLE_MODULES = YES;
				CLANG_ENABLE_OBJC_ARC = YES;
				CLANG_WARN_BOOL_CONVERSION = YES;
				CLANG_WARN_CONSTANT_CONVERSION = YES;
				CLANG_WARN_DIRECT_OBJC_ISA_USAGE = YES_ERROR;
				CLANG_WARN_EMPTY_BODY = YES;
				CLANG_WARN_ENUM_CONVERSION = YES;
				CLANG_WARN_INT_CONVERSION = YES;
				CLANG_WARN_OBJC_ROOT_CLASS = YES_ERROR;
				CLANG_WARN__DUPLICATE_METHOD_MATCH = YES;
				"CODE_SIGN_IDENTITY[sdk=iphoneos*]" = "iPhone Developer";
				COPY_PHASE_STRIP = YES;
				ENABLE_NS_ASSERTIONS = NO;
				GCC_C_LANGUAGE_STANDARD = gnu99;
				GCC_WARN_64_TO_32_BIT_CONVERSION = YES;
				GCC_WARN_ABOUT_RETURN_TYPE = YES_ERROR;
				GCC_WARN_UNDECLARED_SELECTOR = YES;
				GCC_WARN_UNINITIALIZED_AUTOS = YES;
				GCC_WARN_UNUSED_FUNCTION = YES;
				GCC_WARN_UNUSED_VARIABLE = YES;
				IPHONEOS_DEPLOYMENT_TARGET = 7.0;
				SDKROOT = iphoneos;
				TARGETED_DEVICE_FAMILY = 2;
				VALIDATE_PRODUCT = YES;
			};
			name = Release;
		};
		F713E39F187A64B700C937C0 /* Debug */ = {
			isa = XCBuildConfiguration;
			buildSettings = {
				ASSETCATALOG_COMPILER_APPICON_NAME = AppIcon;
				ASSETCATALOG_COMPILER_LAUNCHIMAGE_NAME = LaunchImage;
				GCC_PRECOMPILE_PREFIX_HEADER = YES;
				GCC_PREFIX_HEADER = "Shopping List/Shopping List-Prefix.pch";
				INFOPLIST_FILE = "Shopping List/Shopping List-Info.plist";
				PRODUCT_NAME = "$(TARGET_NAME)";
				WRAPPER_EXTENSION = app;
			};
			name = Debug;
		};
		F713E3A0187A64B700C937C0 /* Release */ = {
			isa = XCBuildConfiguration;
			buildSettings = {
				ASSETCATALOG_COMPILER_APPICON_NAME = AppIcon;
				ASSETCATALOG_COMPILER_LAUNCHIMAGE_NAME = LaunchImage;
				GCC_PRECOMPILE_PREFIX_HEADER = YES;
				GCC_PREFIX_HEADER = "Shopping List/Shopping List-Prefix.pch";
				INFOPLIST_FILE = "Shopping List/Shopping List-Info.plist";
				PRODUCT_NAME = "$(TARGET_NAME)";
				WRAPPER_EXTENSION = app;
			};
			name = Release;
		};
		F713E3A2187A64B700C937C0 /* Debug */ = {
			isa = XCBuildConfiguration;
			buildSettings = {
				ARCHS = "$(ARCHS_STANDARD_INCLUDING_64_BIT)";
				BUNDLE_LOADER = "$(BUILT_PRODUCTS_DIR)/Shopping List.app/Shopping List";
				FRAMEWORK_SEARCH_PATHS = (
					"$(SDKROOT)/Developer/Library/Frameworks",
					"$(inherited)",
					"$(DEVELOPER_FRAMEWORKS_DIR)",
				);
				GCC_PRECOMPILE_PREFIX_HEADER = YES;
				GCC_PREFIX_HEADER = "Shopping List/Shopping List-Prefix.pch";
				GCC_PREPROCESSOR_DEFINITIONS = (
					"DEBUG=1",
					"$(inherited)",
				);
				INFOPLIST_FILE = "Shopping ListTests/Shopping ListTests-Info.plist";
				PRODUCT_NAME = "$(TARGET_NAME)";
				TEST_HOST = "$(BUNDLE_LOADER)";
				WRAPPER_EXTENSION = xctest;
			};
			name = Debug;
		};
		F713E3A3187A64B700C937C0 /* Release */ = {
			isa = XCBuildConfiguration;
			buildSettings = {
				ARCHS = "$(ARCHS_STANDARD_INCLUDING_64_BIT)";
				BUNDLE_LOADER = "$(BUILT_PRODUCTS_DIR)/Shopping List.app/Shopping List";
				FRAMEWORK_SEARCH_PATHS = (
					"$(SDKROOT)/Developer/Library/Frameworks",
					"$(inherited)",
					"$(DEVELOPER_FRAMEWORKS_DIR)",
				);
				GCC_PRECOMPILE_PREFIX_HEADER = YES;
				GCC_PREFIX_HEADER = "Shopping List/Shopping List-Prefix.pch";
				INFOPLIST_FILE = "Shopping ListTests/Shopping ListTests-Info.plist";
				PRODUCT_NAME = "$(TARGET_NAME)";
				TEST_HOST = "$(BUNDLE_LOADER)";
				WRAPPER_EXTENSION = xctest;
			};
			name = Release;
		};
/* End XCBuildConfiguration section */

/* Begin XCConfigurationList section */
		F713E367187A64B700C937C0 /* Build configuration list for PBXProject "Shopping List" */ = {
			isa = XCConfigurationList;
			buildConfigurations = (
				F713E39C187A64B700C937C0 /* Debug */,
				F713E39D187A64B700C937C0 /* Release */,
			);
			defaultConfigurationIsVisible = 0;
			defaultConfigurationName = Release;
		};
		F713E39E187A64B700C937C0 /* Build configuration list for PBXNativeTarget "Shopping List" */ = {
			isa = XCConfigurationList;
			buildConfigurations = (
				F713E39F187A64B700C937C0 /* Debug */,
				F713E3A0187A64B700C937C0 /* Release */,
			);
			defaultConfigurationIsVisible = 0;
		};
		F713E3A1187A64B700C937C0 /* Build configuration list for PBXNativeTarget "Shopping ListTests" */ = {
			isa = XCConfigurationList;
			buildConfigurations = (
				F713E3A2187A64B700C937C0 /* Debug */,
				F713E3A3187A64B700C937C0 /* Release */,
			);
			defaultConfigurationIsVisible = 0;
		};
/* End XCConfigurationList section */
	};
	rootObject = F713E364187A64B700C937C0 /* Project object */;
}
